{
  "name": "04-hacknews",
  "version": "1.0.0",
  "lockfileVersion": 1,
  "requires": true,
  "dependencies": {
    "mime": {
      "version": "2.2.0",
      "resolved": "http://registry.npm.taobao.org/mime/download/mime-2.2.0.tgz",
      "integrity": "sha1-Fh5UGWVVHTtUn6ERQ5Hjo9Vbkjs="
    },
    "underscore": {
      "version": "1.8.3",
      "resolved": "http://registry.npm.taobao.org/underscore/download/underscore-1.8.3.tgz",
      "integrity": "sha1-Tz+1OxBuYJf8+ctBCfKl6b36UCI="
    }
  }
}
